
Microsoft Visual Studio Solution File, Format Version 12.00
# Visual Studio 15
VisualStudioVersion = 15.0.28307.902
MinimumVisualStudioVersion = 10.0.40219.1
Project("{9A19103F-16F7-4668-BE54-9A1E7A4F7556}") = "Amazon.Practice", "Amazon.Practice\Amazon.Practice.csproj", "{73B8A4D1-997F-4BB3-AB8B-C4E12A083C86}"
EndProject
Project("{9A19103F-16F7-4668-BE54-9A1E7A4F7556}") = "DivideAndConquer", "DivideAndConquer\DivideAndConquer.csproj", "{F6B51C79-47A5-425C-8F24-EDB549DE17BA}"
EndProject
Project("{9A19103F-16F7-4668-BE54-9A1E7A4F7556}") = "RecursionPractice", "RecursionPractice\RecursionPractice.csproj", "{10B3040B-E7F0-4417-AE22-BDDD56BB0939}"
EndProject
Project("{9A19103F-16F7-4668-BE54-9A1E7A4F7556}") = "DynamicProgramming", "DynamicProgramming\DynamicProgramming.csproj", "{78160993-FEFB-45B7-A7EF-1CEBF9D3133B}"
EndProject
Project("{9A19103F-16F7-4668-BE54-9A1E7A4F7556}") = "LeetCodePractice", "LeetCodePractice\LeetCodePractice.csproj", "{8D626032-0D31-4A3A-A68B-FB4D13DBCB00}"
EndProject
Project("{9A19103F-16F7-4668-BE54-9A1E7A4F7556}") = "DefaultPractice", "DefaultPractice\DefaultPractice.csproj", "{E130BC08-884B-459A-A0C2-642E651E83D9}"
EndProject
Project("{FAE04EC0-301F-11D3-BF4B-00C04F79EFBC}") = "GreedyAlgorithm", "GreedyAlgorithm\GreedyAlgorithm.csproj", "{80D4F11A-0F65-44B2-BFA8-52C42AD45BEC}"
EndProject
Project("{FAE04EC0-301F-11D3-BF4B-00C04F79EFBC}") = "BSTDemo", "BSTDemo\BSTDemo.csproj", "{B25CC522-7F9A-4D2A-A739-3A35365C26EF}"
EndProject
Project("{FAE04EC0-301F-11D3-BF4B-00C04F79EFBC}") = "RecursionSolution", "RecursionSolution\RecursionSolution.csproj", "{61CEAF1C-0DD9-4717-8F0C-4092F1D5D4B4}"
EndProject
Project("{FAE04EC0-301F-11D3-BF4B-00C04F79EFBC}") = "ArraySolutions", "ArraySolutions\ArraySolutions.csproj", "{22993325-9ADF-41A0-881C-AB8626604121}"
EndProject
Project("{FAE04EC0-301F-11D3-BF4B-00C04F79EFBC}") = "SP.LinkedList.Demostration.Project", "SP.LinkedList.Demostration.Project\SP.LinkedList.Demostration.Project.csproj", "{93347025-48F9-49B0-8978-4E179434C3E5}"
EndProject
Global
	GlobalSection(SolutionConfigurationPlatforms) = preSolution
		Debug|Any CPU = Debug|Any CPU
		Release|Any CPU = Release|Any CPU
	EndGlobalSection
	GlobalSection(ProjectConfigurationPlatforms) = postSolution
		{73B8A4D1-997F-4BB3-AB8B-C4E12A083C86}.Debug|Any CPU.ActiveCfg = Debug|Any CPU
		{73B8A4D1-997F-4BB3-AB8B-C4E12A083C86}.Debug|Any CPU.Build.0 = Debug|Any CPU
		{73B8A4D1-997F-4BB3-AB8B-C4E12A083C86}.Release|Any CPU.ActiveCfg = Release|Any CPU
		{73B8A4D1-997F-4BB3-AB8B-C4E12A083C86}.Release|Any CPU.Build.0 = Release|Any CPU
		{F6B51C79-47A5-425C-8F24-EDB549DE17BA}.Debug|Any CPU.ActiveCfg = Debug|Any CPU
		{F6B51C79-47A5-425C-8F24-EDB549DE17BA}.Debug|Any CPU.Build.0 = Debug|Any CPU
		{F6B51C79-47A5-425C-8F24-EDB549DE17BA}.Release|Any CPU.ActiveCfg = Release|Any CPU
		{F6B51C79-47A5-425C-8F24-EDB549DE17BA}.Release|Any CPU.Build.0 = Release|Any CPU
		{10B3040B-E7F0-4417-AE22-BDDD56BB0939}.Debug|Any CPU.ActiveCfg = Debug|Any CPU
		{10B3040B-E7F0-4417-AE22-BDDD56BB0939}.Debug|Any CPU.Build.0 = Debug|Any CPU
		{10B3040B-E7F0-4417-AE22-BDDD56BB0939}.Release|Any CPU.ActiveCfg = Release|Any CPU
		{10B3040B-E7F0-4417-AE22-BDDD56BB0939}.Release|Any CPU.Build.0 = Release|Any CPU
		{78160993-FEFB-45B7-A7EF-1CEBF9D3133B}.Debug|Any CPU.ActiveCfg = Debug|Any CPU
		{78160993-FEFB-45B7-A7EF-1CEBF9D3133B}.Debug|Any CPU.Build.0 = Debug|Any CPU
		{78160993-FEFB-45B7-A7EF-1CEBF9D3133B}.Release|Any CPU.ActiveCfg = Release|Any CPU
		{78160993-FEFB-45B7-A7EF-1CEBF9D3133B}.Release|Any CPU.Build.0 = Release|Any CPU
		{8D626032-0D31-4A3A-A68B-FB4D13DBCB00}.Debug|Any CPU.ActiveCfg = Debug|Any CPU
		{8D626032-0D31-4A3A-A68B-FB4D13DBCB00}.Debug|Any CPU.Build.0 = Debug|Any CPU
		{8D626032-0D31-4A3A-A68B-FB4D13DBCB00}.Release|Any CPU.ActiveCfg = Release|Any CPU
		{8D626032-0D31-4A3A-A68B-FB4D13DBCB00}.Release|Any CPU.Build.0 = Release|Any CPU
		{E130BC08-884B-459A-A0C2-642E651E83D9}.Debug|Any CPU.ActiveCfg = Debug|Any CPU
		{E130BC08-884B-459A-A0C2-642E651E83D9}.Debug|Any CPU.Build.0 = Debug|Any CPU
		{E130BC08-884B-459A-A0C2-642E651E83D9}.Release|Any CPU.ActiveCfg = Release|Any CPU
		{E130BC08-884B-459A-A0C2-642E651E83D9}.Release|Any CPU.Build.0 = Release|Any CPU
		{80D4F11A-0F65-44B2-BFA8-52C42AD45BEC}.Debug|Any CPU.ActiveCfg = Debug|Any CPU
		{80D4F11A-0F65-44B2-BFA8-52C42AD45BEC}.Debug|Any CPU.Build.0 = Debug|Any CPU
		{80D4F11A-0F65-44B2-BFA8-52C42AD45BEC}.Release|Any CPU.ActiveCfg = Release|Any CPU
		{80D4F11A-0F65-44B2-BFA8-52C42AD45BEC}.Release|Any CPU.Build.0 = Release|Any CPU
		{B25CC522-7F9A-4D2A-A739-3A35365C26EF}.Debug|Any CPU.ActiveCfg = Debug|Any CPU
		{B25CC522-7F9A-4D2A-A739-3A35365C26EF}.Debug|Any CPU.Build.0 = Debug|Any CPU
		{B25CC522-7F9A-4D2A-A739-3A35365C26EF}.Release|Any CPU.ActiveCfg = Release|Any CPU
		{B25CC522-7F9A-4D2A-A739-3A35365C26EF}.Release|Any CPU.Build.0 = Release|Any CPU
		{61CEAF1C-0DD9-4717-8F0C-4092F1D5D4B4}.Debug|Any CPU.ActiveCfg = Debug|Any CPU
		{61CEAF1C-0DD9-4717-8F0C-4092F1D5D4B4}.Debug|Any CPU.Build.0 = Debug|Any CPU
		{61CEAF1C-0DD9-4717-8F0C-4092F1D5D4B4}.Release|Any CPU.ActiveCfg = Release|Any CPU
		{61CEAF1C-0DD9-4717-8F0C-4092F1D5D4B4}.Release|Any CPU.Build.0 = Release|Any CPU
		{22993325-9ADF-41A0-881C-AB8626604121}.Debug|Any CPU.ActiveCfg = Debug|Any CPU
		{22993325-9ADF-41A0-881C-AB8626604121}.Debug|Any CPU.Build.0 = Debug|Any CPU
		{22993325-9ADF-41A0-881C-AB8626604121}.Release|Any CPU.ActiveCfg = Release|Any CPU
		{22993325-9ADF-41A0-881C-AB8626604121}.Release|Any CPU.Build.0 = Release|Any CPU
		{93347025-48F9-49B0-8978-4E179434C3E5}.Debug|Any CPU.ActiveCfg = Debug|Any CPU
		{93347025-48F9-49B0-8978-4E179434C3E5}.Debug|Any CPU.Build.0 = Debug|Any CPU
		{93347025-48F9-49B0-8978-4E179434C3E5}.Release|Any CPU.ActiveCfg = Release|Any CPU
		{93347025-48F9-49B0-8978-4E179434C3E5}.Release|Any CPU.Build.0 = Release|Any CPU
	EndGlobalSection
	GlobalSection(SolutionProperties) = preSolution
		HideSolutionNode = FALSE
	EndGlobalSection
	GlobalSection(ExtensibilityGlobals) = postSolution
		SolutionGuid = {B90FA43D-420B-438A-9A0B-49BCBC525E39}
	EndGlobalSection
EndGlobal
